// !$*UTF8*$!
{
	archiveVersion = 1;
	classes = {
	};
	objectVersion = 77;
	objects = {

/* Begin PBXBuildFile section */
		BE2F75722D186E33003BCCD2 /* NIOFoundationCompat in Frameworks */ = {isa = PBXBuildFile; productRef = BE2F75712D186E33003BCCD2 /* NIOFoundationCompat */; };
		BE8D0E772DA18AC9005FD4C2 /* NotificationService.appex in Embed Foundation Extensions */ = {isa = PBXBuildFile; fileRef = BE8D0E702DA18AC9005FD4C2 /* NotificationService.appex */; settings = {ATTRIBUTES = (RemoveHeadersOnCopy, ); }; };
		BEA9F0042D145A6300A5CB22 /* NIO in Frameworks */ = {isa = PBXBuildFile; productRef = BEA9F0032D145A6300A5CB22 /* NIO */; };
		BEA9F0062D145A6300A5CB22 /* NIOHTTP1 in Frameworks */ = {isa = PBXBuildFile; productRef = BEA9F0052D145A6300A5CB22 /* NIOHTTP1 */; };
		BEA9F0082D145A6300A5CB22 /* NIOWebSocket in Frameworks */ = {isa = PBXBuildFile; productRef = BEA9F0072D145A6300A5CB22 /* NIOWebSocket */; };
/* End PBXBuildFile section */

/* Begin PBXContainerItemProxy section */
		BE8D0E752DA18AC9005FD4C2 /* PBXContainerItemProxy */ = {
			isa = PBXContainerItemProxy;
			containerPortal = BE206E7F2D088DDC007530E1 /* Project object */;
			proxyType = 1;
			remoteGlobalIDString = BE8D0E6F2DA18AC8005FD4C2;
			remoteInfo = NotificationService;
		};
		BEFFF86D2D3A9DA8008ED77C /* PBXContainerItemProxy */ = {
			isa = PBXContainerItemProxy;
			containerPortal = BE206E7F2D088DDC007530E1 /* Project object */;
			proxyType = 1;
			remoteGlobalIDString = BE206E862D088DDC007530E1;
			remoteInfo = ChattingiOS;
		};
/* End PBXContainerItemProxy section */

/* Begin PBXCopyFilesBuildPhase section */
		BE8D0E7C2DA18AC9005FD4C2 /* Embed Foundation Extensions */ = {
			isa = PBXCopyFilesBuildPhase;
			buildActionMask = 2147483647;
			dstPath = "";
			dstSubfolderSpec = 13;
			files = (
				BE8D0E772DA18AC9005FD4C2 /* NotificationService.appex in Embed Foundation Extensions */,
			);
			name = "Embed Foundation Extensions";
			runOnlyForDeploymentPostprocessing = 0;
		};
/* End PBXCopyFilesBuildPhase section */

/* Begin PBXFileReference section */
		BE206E872D088DDC007530E1 /* ChattingiOS.app */ = {isa = PBXFileReference; explicitFileType = wrapper.application; includeInIndex = 0; path = ChattingiOS.app; sourceTree = BUILT_PRODUCTS_DIR; };
		BE8D0E702DA18AC9005FD4C2 /* NotificationService.appex */ = {isa = PBXFileReference; explicitFileType = "wrapper.app-extension"; includeInIndex = 0; path = NotificationService.appex; sourceTree = BUILT_PRODUCTS_DIR; };
		BEFFF8692D3A9DA8008ED77C /* ChattingiOSTests.xctest */ = {isa = PBXFileReference; explicitFileType = wrapper.cfbundle; includeInIndex = 0; path = ChattingiOSTests.xctest; sourceTree = BUILT_PRODUCTS_DIR; };
		BEFFF8722D3AA08C008ED77C /* ChattingiOS.xctestplan */ = {isa = PBXFileReference; lastKnownFileType = text; name = ChattingiOS.xctestplan; path = ChattingiOSTests/ChattingiOS.xctestplan; sourceTree = "<group>"; };
/* End PBXFileReference section */

/* Begin PBXFileSystemSynchronizedBuildFileExceptionSet section */
		BE8D0E7B2DA18AC9005FD4C2 /* Exceptions for "NotificationService" folder in "NotificationService" target */ = {
			isa = PBXFileSystemSynchronizedBuildFileExceptionSet;
			membershipExceptions = (
				Info.plist,
			);
			target = BE8D0E6F2DA18AC8005FD4C2 /* NotificationService */;
		};
		BEC1D76F2D9C28310062411E /* Exceptions for "ChattingiOS" folder in "ChattingiOS" target */ = {
			isa = PBXFileSystemSynchronizedBuildFileExceptionSet;
			membershipExceptions = (
				Info.plist,
			);
			target = BE206E862D088DDC007530E1 /* ChattingiOS */;
		};
		BEC5E7F02DE070230044EA42 /* Exceptions for "ChattingiOS" folder in "NotificationService" target */ = {
			isa = PBXFileSystemSynchronizedBuildFileExceptionSet;
			membershipExceptions = (
				Cachings/CoreDataMessagesStore.swift,
				"Cachings/CoreDataMessagesStore+ImageData.swift",
				Cachings/ManagedImageData.swift,
				Cachings/MessagesStore.xcdatamodeld,
				Main/Helpers/DefaultMessageStoreURL.swift,
			);
			target = BE8D0E6F2DA18AC8005FD4C2 /* NotificationService */;
		};
/* End PBXFileSystemSynchronizedBuildFileExceptionSet section */

/* Begin PBXFileSystemSynchronizedRootGroup section */
		BE206E892D088DDC007530E1 /* ChattingiOS */ = {
			isa = PBXFileSystemSynchronizedRootGroup;
			exceptions = (
				BEC1D76F2D9C28310062411E /* Exceptions for "ChattingiOS" folder in "ChattingiOS" target */,
				BEC5E7F02DE070230044EA42 /* Exceptions for "ChattingiOS" folder in "NotificationService" target */,
			);
			path = ChattingiOS;
			sourceTree = "<group>";
		};
		BE8D0E712DA18AC9005FD4C2 /* NotificationService */ = {
			isa = PBXFileSystemSynchronizedRootGroup;
			exceptions = (
				BE8D0E7B2DA18AC9005FD4C2 /* Exceptions for "NotificationService" folder in "NotificationService" target */,
			);
			path = NotificationService;
			sourceTree = "<group>";
		};
		BEFFF86A2D3A9DA8008ED77C /* ChattingiOSTests */ = {
			isa = PBXFileSystemSynchronizedRootGroup;
			path = ChattingiOSTests;
			sourceTree = "<group>";
		};
/* End PBXFileSystemSynchronizedRootGroup section */

/* Begin PBXFrameworksBuildPhase section */
		BE206E842D088DDC007530E1 /* Frameworks */ = {
			isa = PBXFrameworksBuildPhase;
			buildActionMask = 2147483647;
			files = (
				BE2F75722D186E33003BCCD2 /* NIOFoundationCompat in Frameworks */,
				BEA9F0042D145A6300A5CB22 /* NIO in Frameworks */,
				BEA9F0062D145A6300A5CB22 /* NIOHTTP1 in Frameworks */,
				BEA9F0082D145A6300A5CB22 /* NIOWebSocket in Frameworks */,
			);
			runOnlyForDeploymentPostprocessing = 0;
		};
		BE8D0E6D2DA18AC8005FD4C2 /* Frameworks */ = {
			isa = PBXFrameworksBuildPhase;
			buildActionMask = 2147483647;
			files = (
			);
			runOnlyForDeploymentPostprocessing = 0;
		};
		BEFFF8662D3A9DA8008ED77C /* Frameworks */ = {
			isa = PBXFrameworksBuildPhase;
			buildActionMask = 2147483647;
			files = (
			);
			runOnlyForDeploymentPostprocessing = 0;
		};
/* End PBXFrameworksBuildPhase section */

/* Begin PBXGroup section */
		BE206E7E2D088DDC007530E1 = {
			isa = PBXGroup;
			children = (
				BEFFF8722D3AA08C008ED77C /* ChattingiOS.xctestplan */,
				BE206E892D088DDC007530E1 /* ChattingiOS */,
				BEFFF86A2D3A9DA8008ED77C /* ChattingiOSTests */,
				BE8D0E712DA18AC9005FD4C2 /* NotificationService */,
				BE2F75702D186E33003BCCD2 /* Frameworks */,
				BE206E882D088DDC007530E1 /* Products */,
			);
			sourceTree = "<group>";
		};
		BE206E882D088DDC007530E1 /* Products */ = {
			isa = PBXGroup;
			children = (
				BE206E872D088DDC007530E1 /* ChattingiOS.app */,
				BEFFF8692D3A9DA8008ED77C /* ChattingiOSTests.xctest */,
				BE8D0E702DA18AC9005FD4C2 /* NotificationService.appex */,
			);
			name = Products;
			sourceTree = "<group>";
		};
		BE2F75702D186E33003BCCD2 /* Frameworks */ = {
			isa = PBXGroup;
			children = (
			);
			name = Frameworks;
			sourceTree = "<group>";
		};
/* End PBXGroup section */

/* Begin PBXNativeTarget section */
		BE206E862D088DDC007530E1 /* ChattingiOS */ = {
			isa = PBXNativeTarget;
			buildConfigurationList = BE206E952D088DDD007530E1 /* Build configuration list for PBXNativeTarget "ChattingiOS" */;
			buildPhases = (
				BE206E832D088DDC007530E1 /* Sources */,
				BE206E842D088DDC007530E1 /* Frameworks */,
				BE206E852D088DDC007530E1 /* Resources */,
				BE8D0E7C2DA18AC9005FD4C2 /* Embed Foundation Extensions */,
			);
			buildRules = (
			);
			dependencies = (
				BE8D0E762DA18AC9005FD4C2 /* PBXTargetDependency */,
			);
			fileSystemSynchronizedGroups = (
				BE206E892D088DDC007530E1 /* ChattingiOS */,
			);
			name = ChattingiOS;
			packageProductDependencies = (
				BEA9F0032D145A6300A5CB22 /* NIO */,
				BEA9F0052D145A6300A5CB22 /* NIOHTTP1 */,
				BEA9F0072D145A6300A5CB22 /* NIOWebSocket */,
				BE2F75712D186E33003BCCD2 /* NIOFoundationCompat */,
			);
			productName = ChattingiOS;
			productReference = BE206E872D088DDC007530E1 /* ChattingiOS.app */;
			productType = "com.apple.product-type.application";
		};
		BE8D0E6F2DA18AC8005FD4C2 /* NotificationService */ = {
			isa = PBXNativeTarget;
			buildConfigurationList = BE8D0E782DA18AC9005FD4C2 /* Build configuration list for PBXNativeTarget "NotificationService" */;
			buildPhases = (
				BE8D0E6C2DA18AC8005FD4C2 /* Sources */,
				BE8D0E6D2DA18AC8005FD4C2 /* Frameworks */,
				BE8D0E6E2DA18AC8005FD4C2 /* Resources */,
			);
			buildRules = (
			);
			dependencies = (
			);
			fileSystemSynchronizedGroups = (
				BE8D0E712DA18AC9005FD4C2 /* NotificationService */,
			);
			name = NotificationService;
			packageProductDependencies = (
			);
			productName = NotificationService;
			productReference = BE8D0E702DA18AC9005FD4C2 /* NotificationService.appex */;
			productType = "com.apple.product-type.app-extension";
		};
		BEFFF8682D3A9DA8008ED77C /* ChattingiOSTests */ = {
			isa = PBXNativeTarget;
			buildConfigurationList = BEFFF86F2D3A9DA8008ED77C /* Build configuration list for PBXNativeTarget "ChattingiOSTests" */;
			buildPhases = (
				BEFFF8652D3A9DA8008ED77C /* Sources */,
				BEFFF8662D3A9DA8008ED77C /* Frameworks */,
				BEFFF8672D3A9DA8008ED77C /* Resources */,
			);
			buildRules = (
			);
			dependencies = (
				BEFFF86E2D3A9DA8008ED77C /* PBXTargetDependency */,
			);
			fileSystemSynchronizedGroups = (
				BEFFF86A2D3A9DA8008ED77C /* ChattingiOSTests */,
			);
			name = ChattingiOSTests;
			packageProductDependencies = (
			);
			productName = ChattingiOSTests;
			productReference = BEFFF8692D3A9DA8008ED77C /* ChattingiOSTests.xctest */;
			productType = "com.apple.product-type.bundle.unit-test";
		};
/* End PBXNativeTarget section */

/* Begin PBXProject section */
		BE206E7F2D088DDC007530E1 /* Project object */ = {
			isa = PBXProject;
			attributes = {
				BuildIndependentTargetsInParallel = 1;
				LastSwiftUpdateCheck = 1630;
				LastUpgradeCheck = 1630;
				TargetAttributes = {
					BE206E862D088DDC007530E1 = {
						CreatedOnToolsVersion = 16.1;
					};
					BE8D0E6F2DA18AC8005FD4C2 = {
						CreatedOnToolsVersion = 16.3;
					};
					BEFFF8682D3A9DA8008ED77C = {
						CreatedOnToolsVersion = 16.2;
						TestTargetID = BE206E862D088DDC007530E1;
					};
				};
			};
			buildConfigurationList = BE206E822D088DDC007530E1 /* Build configuration list for PBXProject "ChattingiOS" */;
			developmentRegion = en;
			hasScannedForEncodings = 0;
			knownRegions = (
				en,
				Base,
			);
			mainGroup = BE206E7E2D088DDC007530E1;
			minimizedProjectReferenceProxies = 1;
			packageReferences = (
				BEA9F0022D145A6300A5CB22 /* XCRemoteSwiftPackageReference "swift-nio" */,
			);
			preferredProjectObjectVersion = 77;
			productRefGroup = BE206E882D088DDC007530E1 /* Products */;
			projectDirPath = "";
			projectRoot = "";
			targets = (
				BE206E862D088DDC007530E1 /* ChattingiOS */,
				BEFFF8682D3A9DA8008ED77C /* ChattingiOSTests */,
				BE8D0E6F2DA18AC8005FD4C2 /* NotificationService */,
			);
		};
/* End PBXProject section */

/* Begin PBXResourcesBuildPhase section */
		BE206E852D088DDC007530E1 /* Resources */ = {
			isa = PBXResourcesBuildPhase;
			buildActionMask = 2147483647;
			files = (
			);
			runOnlyForDeploymentPostprocessing = 0;
		};
		BE8D0E6E2DA18AC8005FD4C2 /* Resources */ = {
			isa = PBXResourcesBuildPhase;
			buildActionMask = 2147483647;
			files = (
			);
			runOnlyForDeploymentPostprocessing = 0;
		};
		BEFFF8672D3A9DA8008ED77C /* Resources */ = {
			isa = PBXResourcesBuildPhase;
			buildActionMask = 2147483647;
			files = (
			);
			runOnlyForDeploymentPostprocessing = 0;
		};
/* End PBXResourcesBuildPhase section */

/* Begin PBXSourcesBuildPhase section */
		BE206E832D088DDC007530E1 /* Sources */ = {
			isa = PBXSourcesBuildPhase;
			buildActionMask = 2147483647;
			files = (
			);
			runOnlyForDeploymentPostprocessing = 0;
		};
		BE8D0E6C2DA18AC8005FD4C2 /* Sources */ = {
			isa = PBXSourcesBuildPhase;
			buildActionMask = 2147483647;
			files = (
			);
			runOnlyForDeploymentPostprocessing = 0;
		};
		BEFFF8652D3A9DA8008ED77C /* Sources */ = {
			isa = PBXSourcesBuildPhase;
			buildActionMask = 2147483647;
			files = (
			);
			runOnlyForDeploymentPostprocessing = 0;
		};
/* End PBXSourcesBuildPhase section */

/* Begin PBXTargetDependency section */
		BE8D0E762DA18AC9005FD4C2 /* PBXTargetDependency */ = {
			isa = PBXTargetDependency;
			target = BE8D0E6F2DA18AC8005FD4C2 /* NotificationService */;
			targetProxy = BE8D0E752DA18AC9005FD4C2 /* PBXContainerItemProxy */;
		};
		BEFFF86E2D3A9DA8008ED77C /* PBXTargetDependency */ = {
			isa = PBXTargetDependency;
			target = BE206E862D088DDC007530E1 /* ChattingiOS */;
			targetProxy = BEFFF86D2D3A9DA8008ED77C /* PBXContainerItemProxy */;
		};
/* End PBXTargetDependency section */

/* Begin XCBuildConfiguration section */
		BE206E932D088DDD007530E1 /* Debug */ = {
			isa = XCBuildConfiguration;
			buildSettings = {
				ALWAYS_SEARCH_USER_PATHS = NO;
				ASSETCATALOG_COMPILER_GENERATE_SWIFT_ASSET_SYMBOL_EXTENSIONS = YES;
				CLANG_ANALYZER_NONNULL = YES;
				CLANG_ANALYZER_NUMBER_OBJECT_CONVERSION = YES_AGGRESSIVE;
				CLANG_CXX_LANGUAGE_STANDARD = "gnu++20";
				CLANG_ENABLE_MODULES = YES;
				CLANG_ENABLE_OBJC_ARC = YES;
				CLANG_ENABLE_OBJC_WEAK = YES;
				CLANG_WARN_BLOCK_CAPTURE_AUTORELEASING = YES;
				CLANG_WARN_BOOL_CONVERSION = YES;
				CLANG_WARN_COMMA = YES;
				CLANG_WARN_CONSTANT_CONVERSION = YES;
				CLANG_WARN_DEPRECATED_OBJC_IMPLEMENTATIONS = YES;
				CLANG_WARN_DIRECT_OBJC_ISA_USAGE = YES_ERROR;
				CLANG_WARN_DOCUMENTATION_COMMENTS = YES;
				CLANG_WARN_EMPTY_BODY = YES;
				CLANG_WARN_ENUM_CONVERSION = YES;
				CLANG_WARN_INFINITE_RECURSION = YES;
				CLANG_WARN_INT_CONVERSION = YES;
				CLANG_WARN_NON_LITERAL_NULL_CONVERSION = YES;
				CLANG_WARN_OBJC_IMPLICIT_RETAIN_SELF = YES;
				CLANG_WARN_OBJC_LITERAL_CONVERSION = YES;
				CLANG_WARN_OBJC_ROOT_CLASS = YES_ERROR;
				CLANG_WARN_QUOTED_INCLUDE_IN_FRAMEWORK_HEADER = YES;
				CLANG_WARN_RANGE_LOOP_ANALYSIS = YES;
				CLANG_WARN_STRICT_PROTOTYPES = YES;
				CLANG_WARN_SUSPICIOUS_MOVE = YES;
				CLANG_WARN_UNGUARDED_AVAILABILITY = YES_AGGRESSIVE;
				CLANG_WARN_UNREACHABLE_CODE = YES;
				CLANG_WARN__DUPLICATE_METHOD_MATCH = YES;
				COPY_PHASE_STRIP = NO;
				DEBUG_INFORMATION_FORMAT = dwarf;
				DEVELOPMENT_TEAM = DV4M5VPD3C;
				ENABLE_STRICT_OBJC_MSGSEND = YES;
				ENABLE_TESTABILITY = YES;
				ENABLE_USER_SCRIPT_SANDBOXING = YES;
				GCC_C_LANGUAGE_STANDARD = gnu17;
				GCC_DYNAMIC_NO_PIC = NO;
				GCC_NO_COMMON_BLOCKS = YES;
				GCC_OPTIMIZATION_LEVEL = 0;
				GCC_PREPROCESSOR_DEFINITIONS = (
					"DEBUG=1",
					"$(inherited)",
				);
				GCC_WARN_64_TO_32_BIT_CONVERSION = YES;
				GCC_WARN_ABOUT_RETURN_TYPE = YES_ERROR;
				GCC_WARN_UNDECLARED_SELECTOR = YES;
				GCC_WARN_UNINITIALIZED_AUTOS = YES_AGGRESSIVE;
				GCC_WARN_UNUSED_FUNCTION = YES;
				GCC_WARN_UNUSED_VARIABLE = YES;
				IPHONEOS_DEPLOYMENT_TARGET = 18.1;
				LOCALIZATION_PREFERS_STRING_CATALOGS = YES;
				MTL_ENABLE_DEBUG_INFO = INCLUDE_SOURCE;
				MTL_FAST_MATH = YES;
				ONLY_ACTIVE_ARCH = YES;
				SDKROOT = iphoneos;
				SWIFT_ACTIVE_COMPILATION_CONDITIONS = "DEBUG $(inherited)";
				SWIFT_OPTIMIZATION_LEVEL = "-Onone";
			};
			name = Debug;
		};
		BE206E942D088DDD007530E1 /* Release */ = {
			isa = XCBuildConfiguration;
			buildSettings = {
				ALWAYS_SEARCH_USER_PATHS = NO;
				ASSETCATALOG_COMPILER_GENERATE_SWIFT_ASSET_SYMBOL_EXTENSIONS = YES;
				CLANG_ANALYZER_NONNULL = YES;
				CLANG_ANALYZER_NUMBER_OBJECT_CONVERSION = YES_AGGRESSIVE;
				CLANG_CXX_LANGUAGE_STANDARD = "gnu++20";
				CLANG_ENABLE_MODULES = YES;
				CLANG_ENABLE_OBJC_ARC = YES;
				CLANG_ENABLE_OBJC_WEAK = YES;
				CLANG_WARN_BLOCK_CAPTURE_AUTORELEASING = YES;
				CLANG_WARN_BOOL_CONVERSION = YES;
				CLANG_WARN_COMMA = YES;
				CLANG_WARN_CONSTANT_CONVERSION = YES;
				CLANG_WARN_DEPRECATED_OBJC_IMPLEMENTATIONS = YES;
				CLANG_WARN_DIRECT_OBJC_ISA_USAGE = YES_ERROR;
				CLANG_WARN_DOCUMENTATION_COMMENTS = YES;
				CLANG_WARN_EMPTY_BODY = YES;
				CLANG_WARN_ENUM_CONVERSION = YES;
				CLANG_WARN_INFINITE_RECURSION = YES;
				CLANG_WARN_INT_CONVERSION = YES;
				CLANG_WARN_NON_LITERAL_NULL_CONVERSION = YES;
				CLANG_WARN_OBJC_IMPLICIT_RETAIN_SELF = YES;
				CLANG_WARN_OBJC_LITERAL_CONVERSION = YES;
				CLANG_WARN_OBJC_ROOT_CLASS = YES_ERROR;
				CLANG_WARN_QUOTED_INCLUDE_IN_FRAMEWORK_HEADER = YES;
				CLANG_WARN_RANGE_LOOP_ANALYSIS = YES;
				CLANG_WARN_STRICT_PROTOTYPES = YES;
				CLANG_WARN_SUSPICIOUS_MOVE = YES;
				CLANG_WARN_UNGUARDED_AVAILABILITY = YES_AGGRESSIVE;
				CLANG_WARN_UNREACHABLE_CODE = YES;
				CLANG_WARN__DUPLICATE_METHOD_MATCH = YES;
				COPY_PHASE_STRIP = NO;
				DEBUG_INFORMATION_FORMAT = "dwarf-with-dsym";
				DEVELOPMENT_TEAM = DV4M5VPD3C;
				ENABLE_NS_ASSERTIONS = NO;
				ENABLE_STRICT_OBJC_MSGSEND = YES;
				ENABLE_USER_SCRIPT_SANDBOXING = YES;
				GCC_C_LANGUAGE_STANDARD = gnu17;
				GCC_NO_COMMON_BLOCKS = YES;
				GCC_WARN_64_TO_32_BIT_CONVERSION = YES;
				GCC_WARN_ABOUT_RETURN_TYPE = YES_ERROR;
				GCC_WARN_UNDECLARED_SELECTOR = YES;
				GCC_WARN_UNINITIALIZED_AUTOS = YES_AGGRESSIVE;
				GCC_WARN_UNUSED_FUNCTION = YES;
				GCC_WARN_UNUSED_VARIABLE = YES;
				IPHONEOS_DEPLOYMENT_TARGET = 18.1;
				LOCALIZATION_PREFERS_STRING_CATALOGS = YES;
				MTL_ENABLE_DEBUG_INFO = NO;
				MTL_FAST_MATH = YES;
				SDKROOT = iphoneos;
				SWIFT_COMPILATION_MODE = wholemodule;
				VALIDATE_PRODUCT = YES;
			};
			name = Release;
		};
		BE206E962D088DDD007530E1 /* Debug */ = {
			isa = XCBuildConfiguration;
			buildSettings = {
				ASSETCATALOG_COMPILER_APPICON_NAME = AppIcon;
				ASSETCATALOG_COMPILER_GLOBAL_ACCENT_COLOR_NAME = AccentColor;
				CODE_SIGN_ENTITLEMENTS = ChattingiOS/ChattingiOSDebug.entitlements;
				CODE_SIGN_IDENTITY = "Apple Development";
				CODE_SIGN_STYLE = Automatic;
				CURRENT_PROJECT_VERSION = 1;
				DEVELOPMENT_ASSET_PATHS = "\"ChattingiOS/Preview Content\"";
				DEVELOPMENT_TEAM = DV4M5VPD3C;
				ENABLE_PREVIEWS = YES;
				GENERATE_INFOPLIST_FILE = YES;
				INFOPLIST_FILE = ChattingiOS/Info.plist;
				INFOPLIST_KEY_UIApplicationSceneManifest_Generation = YES;
				INFOPLIST_KEY_UIApplicationSupportsIndirectInputEvents = YES;
				INFOPLIST_KEY_UILaunchScreen_Generation = YES;
				INFOPLIST_KEY_UILaunchStoryboardName = "Launch Screen";
				INFOPLIST_KEY_UISupportedInterfaceOrientations = UIInterfaceOrientationPortrait;
				INFOPLIST_KEY_UISupportedInterfaceOrientations_iPad = "UIInterfaceOrientationLandscapeLeft UIInterfaceOrientationLandscapeRight UIInterfaceOrientationPortrait UIInterfaceOrientationPortraitUpsideDown";
				IPHONEOS_DEPLOYMENT_TARGET = 17.5;
				LD_RUNPATH_SEARCH_PATHS = (
					"$(inherited)",
					"@executable_path/Frameworks",
				);
				MARKETING_VERSION = 1.6;
				PRODUCT_BUNDLE_IDENTIFIER = com.tszlung.ChattingiOS;
				PRODUCT_NAME = "$(TARGET_NAME)";
				PROVISIONING_PROFILE_SPECIFIER = "";
				SUPPORTED_PLATFORMS = "iphoneos iphonesimulator";
				SUPPORTS_MACCATALYST = NO;
				SUPPORTS_MAC_DESIGNED_FOR_IPHONE_IPAD = NO;
				SUPPORTS_XR_DESIGNED_FOR_IPHONE_IPAD = NO;
				SWIFT_EMIT_LOC_STRINGS = YES;
				SWIFT_VERSION = 6.0;
				TARGETED_DEVICE_FAMILY = 1;
			};
			name = Debug;
		};
		BE206E972D088DDD007530E1 /* Release */ = {
			isa = XCBuildConfiguration;
			buildSettings = {
				ASSETCATALOG_COMPILER_APPICON_NAME = AppIcon;
				ASSETCATALOG_COMPILER_GLOBAL_ACCENT_COLOR_NAME = AccentColor;
				CODE_SIGN_ENTITLEMENTS = ChattingiOS/ChattingiOS.entitlements;
				CODE_SIGN_IDENTITY = "Apple Development";
				CODE_SIGN_STYLE = Automatic;
				CURRENT_PROJECT_VERSION = 1;
				DEVELOPMENT_ASSET_PATHS = "\"ChattingiOS/Preview Content\"";
				ENABLE_PREVIEWS = YES;
				GENERATE_INFOPLIST_FILE = YES;
				INFOPLIST_FILE = ChattingiOS/Info.plist;
				INFOPLIST_KEY_UIApplicationSceneManifest_Generation = YES;
				INFOPLIST_KEY_UIApplicationSupportsIndirectInputEvents = YES;
				INFOPLIST_KEY_UILaunchScreen_Generation = YES;
				INFOPLIST_KEY_UILaunchStoryboardName = "Launch Screen";
				INFOPLIST_KEY_UISupportedInterfaceOrientations = UIInterfaceOrientationPortrait;
				INFOPLIST_KEY_UISupportedInterfaceOrientations_iPad = "UIInterfaceOrientationLandscapeLeft UIInterfaceOrientationLandscapeRight UIInterfaceOrientationPortrait UIInterfaceOrientationPortraitUpsideDown";
				IPHONEOS_DEPLOYMENT_TARGET = 17.5;
				LD_RUNPATH_SEARCH_PATHS = (
					"$(inherited)",
					"@executable_path/Frameworks",
				);
				MARKETING_VERSION = 1.6;
				PRODUCT_BUNDLE_IDENTIFIER = com.tszlung.ChattingiOS;
				PRODUCT_NAME = "$(TARGET_NAME)";
				PROVISIONING_PROFILE_SPECIFIER = "";
				SUPPORTED_PLATFORMS = "iphoneos iphonesimulator";
				SUPPORTS_MACCATALYST = NO;
				SUPPORTS_MAC_DESIGNED_FOR_IPHONE_IPAD = NO;
				SUPPORTS_XR_DESIGNED_FOR_IPHONE_IPAD = NO;
				SWIFT_EMIT_LOC_STRINGS = YES;
				SWIFT_VERSION = 6.0;
				TARGETED_DEVICE_FAMILY = 1;
			};
			name = Release;
		};
		BE8D0E792DA18AC9005FD4C2 /* Debug */ = {
			isa = XCBuildConfiguration;
			buildSettings = {
				CODE_SIGN_ENTITLEMENTS = NotificationService/NotificationServiceDebug.entitlements;
				CODE_SIGN_IDENTITY = "Apple Development";
				CODE_SIGN_STYLE = Automatic;
				CURRENT_PROJECT_VERSION = 1;
				GENERATE_INFOPLIST_FILE = YES;
				INFOPLIST_FILE = NotificationService/Info.plist;
				INFOPLIST_KEY_CFBundleDisplayName = NotificationService;
				INFOPLIST_KEY_NSHumanReadableCopyright = "";
				IPHONEOS_DEPLOYMENT_TARGET = 17.5;
				LD_RUNPATH_SEARCH_PATHS = (
					"$(inherited)",
					"@executable_path/Frameworks",
					"@executable_path/../../Frameworks",
				);
				MARKETING_VERSION = 1.6;
				PRODUCT_BUNDLE_IDENTIFIER = com.tszlung.ChattingiOS.NotificationService;
				PRODUCT_NAME = "$(TARGET_NAME)";
				SKIP_INSTALL = YES;
				SUPPORTED_PLATFORMS = "iphoneos iphonesimulator";
				SUPPORTS_MACCATALYST = NO;
				SUPPORTS_MAC_DESIGNED_FOR_IPHONE_IPAD = NO;
				SUPPORTS_XR_DESIGNED_FOR_IPHONE_IPAD = NO;
				SWIFT_EMIT_LOC_STRINGS = YES;
				SWIFT_VERSION = 5.0;
				TARGETED_DEVICE_FAMILY = 1;
			};
			name = Debug;
		};
		BE8D0E7A2DA18AC9005FD4C2 /* Release */ = {
			isa = XCBuildConfiguration;
			buildSettings = {
				CODE_SIGN_IDENTITY = "Apple Development";
				CODE_SIGN_STYLE = Automatic;
				CURRENT_PROJECT_VERSION = 1;
				GENERATE_INFOPLIST_FILE = YES;
				INFOPLIST_FILE = NotificationService/Info.plist;
				INFOPLIST_KEY_CFBundleDisplayName = NotificationService;
				INFOPLIST_KEY_NSHumanReadableCopyright = "";
				IPHONEOS_DEPLOYMENT_TARGET = 17.5;
				LD_RUNPATH_SEARCH_PATHS = (
					"$(inherited)",
					"@executable_path/Frameworks",
					"@executable_path/../../Frameworks",
				);
				MARKETING_VERSION = 1.6;
				PRODUCT_BUNDLE_IDENTIFIER = com.tszlung.ChattingiOS.NotificationService;
				PRODUCT_NAME = "$(TARGET_NAME)";
				SKIP_INSTALL = YES;
				SUPPORTED_PLATFORMS = "iphoneos iphonesimulator";
				SUPPORTS_MACCATALYST = NO;
				SUPPORTS_MAC_DESIGNED_FOR_IPHONE_IPAD = NO;
				SUPPORTS_XR_DESIGNED_FOR_IPHONE_IPAD = NO;
				SWIFT_EMIT_LOC_STRINGS = YES;
				SWIFT_VERSION = 5.0;
				TARGETED_DEVICE_FAMILY = 1;
			};
			name = Release;
		};
		BEFFF8702D3A9DA8008ED77C /* Debug */ = {
			isa = XCBuildConfiguration;
			buildSettings = {
				BUNDLE_LOADER = "$(TEST_HOST)";
				CODE_SIGN_STYLE = Automatic;
				CURRENT_PROJECT_VERSION = 1;
				GENERATE_INFOPLIST_FILE = YES;
				IPHONEOS_DEPLOYMENT_TARGET = 17.5;
				MARKETING_VERSION = 1.0;
				PRODUCT_BUNDLE_IDENTIFIER = com.tszlung.ChattingiOSTests;
				PRODUCT_NAME = "$(TARGET_NAME)";
				SUPPORTED_PLATFORMS = "iphoneos iphonesimulator";
				SUPPORTS_MACCATALYST = NO;
				SUPPORTS_MAC_DESIGNED_FOR_IPHONE_IPAD = NO;
				SUPPORTS_XR_DESIGNED_FOR_IPHONE_IPAD = NO;
				SWIFT_EMIT_LOC_STRINGS = NO;
				SWIFT_VERSION = 6.0;
				TARGETED_DEVICE_FAMILY = 1;
				TEST_HOST = "$(BUILT_PRODUCTS_DIR)/ChattingiOS.app/$(BUNDLE_EXECUTABLE_FOLDER_PATH)/ChattingiOS";
			};
			name = Debug;
		};
		BEFFF8712D3A9DA8008ED77C /* Release */ = {
			isa = XCBuildConfiguration;
			buildSettings = {
				BUNDLE_LOADER = "$(TEST_HOST)";
				CODE_SIGN_STYLE = Automatic;
				CURRENT_PROJECT_VERSION = 1;
				GENERATE_INFOPLIST_FILE = YES;
				IPHONEOS_DEPLOYMENT_TARGET = 17.5;
				MARKETING_VERSION = 1.0;
				PRODUCT_BUNDLE_IDENTIFIER = com.tszlung.ChattingiOSTests;
				PRODUCT_NAME = "$(TARGET_NAME)";
				SUPPORTED_PLATFORMS = "iphoneos iphonesimulator";
				SUPPORTS_MACCATALYST = NO;
				SUPPORTS_MAC_DESIGNED_FOR_IPHONE_IPAD = NO;
				SUPPORTS_XR_DESIGNED_FOR_IPHONE_IPAD = NO;
				SWIFT_EMIT_LOC_STRINGS = NO;
				SWIFT_VERSION = 6.0;
				TARGETED_DEVICE_FAMILY = 1;
				TEST_HOST = "$(BUILT_PRODUCTS_DIR)/ChattingiOS.app/$(BUNDLE_EXECUTABLE_FOLDER_PATH)/ChattingiOS";
			};
			name = Release;
		};
/* End XCBuildConfiguration section */

/* Begin XCConfigurationList section */
		BE206E822D088DDC007530E1 /* Build configuration list for PBXProject "ChattingiOS" */ = {
			isa = XCConfigurationList;
			buildConfigurations = (
				BE206E932D088DDD007530E1 /* Debug */,
				BE206E942D088DDD007530E1 /* Release */,
			);
			defaultConfigurationIsVisible = 0;
			defaultConfigurationName = Release;
		};
		BE206E952D088DDD007530E1 /* Build configuration list for PBXNativeTarget "ChattingiOS" */ = {
			isa = XCConfigurationList;
			buildConfigurations = (
				BE206E962D088DDD007530E1 /* Debug */,
				BE206E972D088DDD007530E1 /* Release */,
			);
			defaultConfigurationIsVisible = 0;
			defaultConfigurationName = Release;
		};
		BE8D0E782DA18AC9005FD4C2 /* Build configuration list for PBXNativeTarget "NotificationService" */ = {
			isa = XCConfigurationList;
			buildConfigurations = (
				BE8D0E792DA18AC9005FD4C2 /* Debug */,
				BE8D0E7A2DA18AC9005FD4C2 /* Release */,
			);
			defaultConfigurationIsVisible = 0;
			defaultConfigurationName = Release;
		};
		BEFFF86F2D3A9DA8008ED77C /* Build configuration list for PBXNativeTarget "ChattingiOSTests" */ = {
			isa = XCConfigurationList;
			buildConfigurations = (
				BEFFF8702D3A9DA8008ED77C /* Debug */,
				BEFFF8712D3A9DA8008ED77C /* Release */,
			);
			defaultConfigurationIsVisible = 0;
			defaultConfigurationName = Release;
		};
/* End XCConfigurationList section */

/* Begin XCRemoteSwiftPackageReference section */
		BEA9F0022D145A6300A5CB22 /* XCRemoteSwiftPackageReference "swift-nio" */ = {
			isa = XCRemoteSwiftPackageReference;
			repositoryURL = "https://github.com/apple/swift-nio.git";
			requirement = {
				kind = upToNextMajorVersion;
				minimumVersion = 2.77.0;
			};
		};
/* End XCRemoteSwiftPackageReference section */

/* Begin XCSwiftPackageProductDependency section */
		BE2F75712D186E33003BCCD2 /* NIOFoundationCompat */ = {
			isa = XCSwiftPackageProductDependency;
			package = BEA9F0022D145A6300A5CB22 /* XCRemoteSwiftPackageReference "swift-nio" */;
			productName = NIOFoundationCompat;
		};
		BEA9F0032D145A6300A5CB22 /* NIO */ = {
			isa = XCSwiftPackageProductDependency;
			package = BEA9F0022D145A6300A5CB22 /* XCRemoteSwiftPackageReference "swift-nio" */;
			productName = NIO;
		};
		BEA9F0052D145A6300A5CB22 /* NIOHTTP1 */ = {
			isa = XCSwiftPackageProductDependency;
			package = BEA9F0022D145A6300A5CB22 /* XCRemoteSwiftPackageReference "swift-nio" */;
			productName = NIOHTTP1;
		};
		BEA9F0072D145A6300A5CB22 /* NIOWebSocket */ = {
			isa = XCSwiftPackageProductDependency;
			package = BEA9F0022D145A6300A5CB22 /* XCRemoteSwiftPackageReference "swift-nio" */;
			productName = NIOWebSocket;
		};
/* End XCSwiftPackageProductDependency section */
	};
	rootObject = BE206E7F2D088DDC007530E1 /* Project object */;
}
